
Microsoft Visual Studio Solution File, Format Version 12.00
# Visual Studio Version 17
VisualStudioVersion = 17.14.36414.22
MinimumVisualStudioVersion = 10.0.40219.1
Project("{FAE04EC0-301F-11D3-BF4B-00C04F79EFBC}") = "Licoreria.Domain", "Licoreria.Domain\Licoreria.Domain.csproj", "{EB16DFC7-D286-49B8-A94B-C70B95DE7308}"
EndProject
Project("{FAE04EC0-301F-11D3-BF4B-00C04F79EFBC}") = "Licoreria.Application", "Licoreria.Application\Licoreria.Application.csproj", "{63DEC08B-9689-429B-A2AC-B01E6360E7EC}"
EndProject
Project("{FAE04EC0-301F-11D3-BF4B-00C04F79EFBC}") = "Licoreria.Infrastructure", "Licoreria.Infrastructure\Licoreria.Infrastructure.csproj", "{5AC76949-3D06-4FCD-9613-7DA99D183C6F}"
EndProject
Project("{FAE04EC0-301F-11D3-BF4B-00C04F79EFBC}") = "Licoreria.Api", "Licoreria.Api\Licoreria.Api.csproj", "{712FF4BC-9EAE-40DB-9DB2-16BFCC2BD6FF}"
EndProject
Project("{FAE04EC0-301F-11D3-BF4B-00C04F79EFBC}") = "Licoreria.Desktop", "Licoreria.Desktop\Licoreria.Desktop.csproj", "{A2ED63CB-701F-4862-AA58-2A411F9C3176}"
EndProject
Global
	GlobalSection(SolutionConfigurationPlatforms) = preSolution
		Debug|Any CPU = Debug|Any CPU
		Release|Any CPU = Release|Any CPU
	EndGlobalSection
	GlobalSection(ProjectConfigurationPlatforms) = postSolution
		{EB16DFC7-D286-49B8-A94B-C70B95DE7308}.Debug|Any CPU.ActiveCfg = Debug|Any CPU
		{EB16DFC7-D286-49B8-A94B-C70B95DE7308}.Debug|Any CPU.Build.0 = Debug|Any CPU
		{EB16DFC7-D286-49B8-A94B-C70B95DE7308}.Release|Any CPU.ActiveCfg = Release|Any CPU
		{EB16DFC7-D286-49B8-A94B-C70B95DE7308}.Release|Any CPU.Build.0 = Release|Any CPU
		{63DEC08B-9689-429B-A2AC-B01E6360E7EC}.Debug|Any CPU.ActiveCfg = Debug|Any CPU
		{63DEC08B-9689-429B-A2AC-B01E6360E7EC}.Debug|Any CPU.Build.0 = Debug|Any CPU
		{63DEC08B-9689-429B-A2AC-B01E6360E7EC}.Release|Any CPU.ActiveCfg = Release|Any CPU
		{63DEC08B-9689-429B-A2AC-B01E6360E7EC}.Release|Any CPU.Build.0 = Release|Any CPU
		{5AC76949-3D06-4FCD-9613-7DA99D183C6F}.Debug|Any CPU.ActiveCfg = Debug|Any CPU
		{5AC76949-3D06-4FCD-9613-7DA99D183C6F}.Debug|Any CPU.Build.0 = Debug|Any CPU
		{5AC76949-3D06-4FCD-9613-7DA99D183C6F}.Release|Any CPU.ActiveCfg = Release|Any CPU
		{5AC76949-3D06-4FCD-9613-7DA99D183C6F}.Release|Any CPU.Build.0 = Release|Any CPU
		{712FF4BC-9EAE-40DB-9DB2-16BFCC2BD6FF}.Debug|Any CPU.ActiveCfg = Debug|Any CPU
		{712FF4BC-9EAE-40DB-9DB2-16BFCC2BD6FF}.Debug|Any CPU.Build.0 = Debug|Any CPU
		{712FF4BC-9EAE-40DB-9DB2-16BFCC2BD6FF}.Release|Any CPU.ActiveCfg = Release|Any CPU
		{712FF4BC-9EAE-40DB-9DB2-16BFCC2BD6FF}.Release|Any CPU.Build.0 = Release|Any CPU
		{A2ED63CB-701F-4862-AA58-2A411F9C3176}.Debug|Any CPU.ActiveCfg = Debug|Any CPU
		{A2ED63CB-701F-4862-AA58-2A411F9C3176}.Debug|Any CPU.Build.0 = Debug|Any CPU
		{A2ED63CB-701F-4862-AA58-2A411F9C3176}.Release|Any CPU.ActiveCfg = Release|Any CPU
		{A2ED63CB-701F-4862-AA58-2A411F9C3176}.Release|Any CPU.Build.0 = Release|Any CPU
	EndGlobalSection
	GlobalSection(SolutionProperties) = preSolution
		HideSolutionNode = FALSE
	EndGlobalSection
	GlobalSection(ExtensibilityGlobals) = postSolution
		SolutionGuid = {3803DA6D-05B4-4115-AA6E-B94932392CBC}
	EndGlobalSection
EndGlobal
